// !$*UTF8*$!
{
	archiveVersion = 1;
	classes = {
	};
	objectVersion = 53;
	objects = {

/* Begin PBXBuildFile section */
		EB45276724E8D38E00FF356E /* LearnViewModel.swift in Sources */ = {isa = PBXBuildFile; fileRef = EB45276624E8D38E00FF356E /* LearnViewModel.swift */; };
		EB45276C24E8F4B900FF356E /* Words.swift in Sources */ = {isa = PBXBuildFile; fileRef = EB45276B24E8F4B900FF356E /* Words.swift */; };
		EB9E585D24DF58CE006A9D49 /* AppDelegate.swift in Sources */ = {isa = PBXBuildFile; fileRef = EB9E585C24DF58CE006A9D49 /* AppDelegate.swift */; };
		EB9E585F24DF58CE006A9D49 /* SceneDelegate.swift in Sources */ = {isa = PBXBuildFile; fileRef = EB9E585E24DF58CE006A9D49 /* SceneDelegate.swift */; };
		EB9E586224DF58CE006A9D49 /* Dari_Learner.xcdatamodeld in Sources */ = {isa = PBXBuildFile; fileRef = EB9E586024DF58CE006A9D49 /* Dari_Learner.xcdatamodeld */; };
		EB9E586424DF58CE006A9D49 /* DariLearnerMainScreen.swift in Sources */ = {isa = PBXBuildFile; fileRef = EB9E586324DF58CE006A9D49 /* DariLearnerMainScreen.swift */; };
		EB9E586924DF58D1006A9D49 /* Preview Assets.xcassets in Resources */ = {isa = PBXBuildFile; fileRef = EB9E586824DF58D1006A9D49 /* Preview Assets.xcassets */; };
		EB9E586C24DF58D1006A9D49 /* LaunchScreen.storyboard in Resources */ = {isa = PBXBuildFile; fileRef = EB9E586A24DF58D1006A9D49 /* LaunchScreen.storyboard */; };
		EB9E587424DF5FC3006A9D49 /* SplashScreen.swift in Sources */ = {isa = PBXBuildFile; fileRef = EB9E587324DF5FC3006A9D49 /* SplashScreen.swift */; };
		EB9E587624DF8894006A9D49 /* MainScreenView.swift in Sources */ = {isa = PBXBuildFile; fileRef = EB9E587524DF8894006A9D49 /* MainScreenView.swift */; };
		EBA51C0024EF34CD00C584B4 /* Grid.swift in Sources */ = {isa = PBXBuildFile; fileRef = EBA51BFF24EF34CD00C584B4 /* Grid.swift */; };
		EBA51C0324EF350D00C584B4 /* GridLayout.swift in Sources */ = {isa = PBXBuildFile; fileRef = EBA51C0224EF350D00C584B4 /* GridLayout.swift */; };
		EBB016C624E248E800878E9B /* LearnView.swift in Sources */ = {isa = PBXBuildFile; fileRef = EBB016C524E248E800878E9B /* LearnView.swift */; };
		EBB016C824E24BAF00878E9B /* LearnModel.swift in Sources */ = {isa = PBXBuildFile; fileRef = EBB016C724E24BAF00878E9B /* LearnModel.swift */; };
		EBE15ABD24E0F9EB00E7238A /* Assets.xcassets in Resources */ = {isa = PBXBuildFile; fileRef = EBE15ABC24E0F9EB00E7238A /* Assets.xcassets */; };
/* End PBXBuildFile section */

/* Begin PBXFileReference section */
		EB45276624E8D38E00FF356E /* LearnViewModel.swift */ = {isa = PBXFileReference; lastKnownFileType = sourcecode.swift; path = LearnViewModel.swift; sourceTree = "<group>"; };
		EB45276B24E8F4B900FF356E /* Words.swift */ = {isa = PBXFileReference; lastKnownFileType = sourcecode.swift; path = Words.swift; sourceTree = "<group>"; };
		EB9E585924DF58CE006A9D49 /* Dari Learner.app */ = {isa = PBXFileReference; explicitFileType = wrapper.application; includeInIndex = 0; path = "Dari Learner.app"; sourceTree = BUILT_PRODUCTS_DIR; };
		EB9E585C24DF58CE006A9D49 /* AppDelegate.swift */ = {isa = PBXFileReference; lastKnownFileType = sourcecode.swift; path = AppDelegate.swift; sourceTree = "<group>"; };
		EB9E585E24DF58CE006A9D49 /* SceneDelegate.swift */ = {isa = PBXFileReference; lastKnownFileType = sourcecode.swift; path = SceneDelegate.swift; sourceTree = "<group>"; };
		EB9E586124DF58CE006A9D49 /* Dari_Learner.xcdatamodel */ = {isa = PBXFileReference; lastKnownFileType = wrapper.xcdatamodel; path = Dari_Learner.xcdatamodel; sourceTree = "<group>"; };
		EB9E586324DF58CE006A9D49 /* DariLearnerMainScreen.swift */ = {isa = PBXFileReference; lastKnownFileType = sourcecode.swift; path = DariLearnerMainScreen.swift; sourceTree = "<group>"; };
		EB9E586824DF58D1006A9D49 /* Preview Assets.xcassets */ = {isa = PBXFileReference; lastKnownFileType = folder.assetcatalog; path = "Preview Assets.xcassets"; sourceTree = "<group>"; };
		EB9E586B24DF58D1006A9D49 /* Base */ = {isa = PBXFileReference; lastKnownFileType = file.storyboard; name = Base; path = Base.lproj/LaunchScreen.storyboard; sourceTree = "<group>"; };
		EB9E586D24DF58D1006A9D49 /* Info.plist */ = {isa = PBXFileReference; lastKnownFileType = text.plist.xml; path = Info.plist; sourceTree = "<group>"; };
		EB9E587324DF5FC3006A9D49 /* SplashScreen.swift */ = {isa = PBXFileReference; lastKnownFileType = sourcecode.swift; path = SplashScreen.swift; sourceTree = "<group>"; };
		EB9E587524DF8894006A9D49 /* MainScreenView.swift */ = {isa = PBXFileReference; lastKnownFileType = sourcecode.swift; path = MainScreenView.swift; sourceTree = "<group>"; };
		EBA51BFF24EF34CD00C584B4 /* Grid.swift */ = {isa = PBXFileReference; lastKnownFileType = sourcecode.swift; path = Grid.swift; sourceTree = "<group>"; };
		EBA51C0224EF350D00C584B4 /* GridLayout.swift */ = {isa = PBXFileReference; lastKnownFileType = sourcecode.swift; path = GridLayout.swift; sourceTree = "<group>"; };
		EBB016C524E248E800878E9B /* LearnView.swift */ = {isa = PBXFileReference; lastKnownFileType = sourcecode.swift; path = LearnView.swift; sourceTree = "<group>"; };
		EBB016C724E24BAF00878E9B /* LearnModel.swift */ = {isa = PBXFileReference; lastKnownFileType = sourcecode.swift; path = LearnModel.swift; sourceTree = "<group>"; };
		EBE15ABC24E0F9EB00E7238A /* Assets.xcassets */ = {isa = PBXFileReference; lastKnownFileType = folder.assetcatalog; path = Assets.xcassets; sourceTree = "<group>"; };
/* End PBXFileReference section */

/* Begin PBXFrameworksBuildPhase section */
		EB9E585624DF58CE006A9D49 /* Frameworks */ = {
			isa = PBXFrameworksBuildPhase;
			buildActionMask = 2147483647;
			files = (
			);
			runOnlyForDeploymentPostprocessing = 0;
		};
/* End PBXFrameworksBuildPhase section */

/* Begin PBXGroup section */
		EB45276824E8D39900FF356E /* LearnView */ = {
			isa = PBXGroup;
			children = (
				EBA51C0124EF34D600C584B4 /* QuizGrid */,
				EB45276624E8D38E00FF356E /* LearnViewModel.swift */,
				EBB016C724E24BAF00878E9B /* LearnModel.swift */,
				EBB016C524E248E800878E9B /* LearnView.swift */,
				EB45276B24E8F4B900FF356E /* Words.swift */,
			);
			path = LearnView;
			sourceTree = "<group>";
		};
		EB45276924E8ECE700FF356E /* MainScreenView */ = {
			isa = PBXGroup;
			children = (
				EB9E587524DF8894006A9D49 /* MainScreenView.swift */,
				EB9E587324DF5FC3006A9D49 /* SplashScreen.swift */,
				EB9E586324DF58CE006A9D49 /* DariLearnerMainScreen.swift */,
			);
			path = MainScreenView;
			sourceTree = "<group>";
		};
		EB45276A24E8ED0400FF356E /* Misc */ = {
			isa = PBXGroup;
			children = (
				EB9E585E24DF58CE006A9D49 /* SceneDelegate.swift */,
				EB9E586A24DF58D1006A9D49 /* LaunchScreen.storyboard */,
				EB9E585C24DF58CE006A9D49 /* AppDelegate.swift */,
			);
			path = Misc;
			sourceTree = "<group>";
		};
		EB9E585024DF58CE006A9D49 = {
			isa = PBXGroup;
			children = (
				EB9E585B24DF58CE006A9D49 /* Dari Learner */,
				EB9E585A24DF58CE006A9D49 /* Products */,
			);
			sourceTree = "<group>";
		};
		EB9E585A24DF58CE006A9D49 /* Products */ = {
			isa = PBXGroup;
			children = (
				EB9E585924DF58CE006A9D49 /* Dari Learner.app */,
			);
			name = Products;
			sourceTree = "<group>";
		};
		EB9E585B24DF58CE006A9D49 /* Dari Learner */ = {
			isa = PBXGroup;
			children = (
				EB45276924E8ECE700FF356E /* MainScreenView */,
				EB45276824E8D39900FF356E /* LearnView */,
				EB45276A24E8ED0400FF356E /* Misc */,
				EB9E586D24DF58D1006A9D49 /* Info.plist */,
				EB9E586024DF58CE006A9D49 /* Dari_Learner.xcdatamodeld */,
				EB9E586724DF58D1006A9D49 /* Preview Content */,
				EBE15ABC24E0F9EB00E7238A /* Assets.xcassets */,
			);
			path = "Dari Learner";
			sourceTree = "<group>";
		};
		EB9E586724DF58D1006A9D49 /* Preview Content */ = {
			isa = PBXGroup;
			children = (
				EB9E586824DF58D1006A9D49 /* Preview Assets.xcassets */,
			);
			path = "Preview Content";
			sourceTree = "<group>";
		};
		EBA51C0124EF34D600C584B4 /* QuizGrid */ = {
			isa = PBXGroup;
			children = (
				EBA51BFF24EF34CD00C584B4 /* Grid.swift */,
				EBA51C0224EF350D00C584B4 /* GridLayout.swift */,
			);
			path = QuizGrid;
			sourceTree = "<group>";
		};
/* End PBXGroup section */

/* Begin PBXNativeTarget section */
		EB9E585824DF58CE006A9D49 /* Dari Learner */ = {
			isa = PBXNativeTarget;
			buildConfigurationList = EB9E587024DF58D1006A9D49 /* Build configuration list for PBXNativeTarget "Dari Learner" */;
			buildPhases = (
				EB9E585524DF58CE006A9D49 /* Sources */,
				EB9E585624DF58CE006A9D49 /* Frameworks */,
				EB9E585724DF58CE006A9D49 /* Resources */,
			);
			buildRules = (
			);
			dependencies = (
			);
			name = "Dari Learner";
			productName = "Dari Learner";
			productReference = EB9E585924DF58CE006A9D49 /* Dari Learner.app */;
			productType = "com.apple.product-type.application";
		};
/* End PBXNativeTarget section */

/* Begin PBXProject section */
		EB9E585124DF58CE006A9D49 /* Project object */ = {
			isa = PBXProject;
			attributes = {
				LastSwiftUpdateCheck = 1160;
				LastUpgradeCheck = 1160;
				ORGANIZATIONNAME = "Ramon Amini";
				TargetAttributes = {
					EB9E585824DF58CE006A9D49 = {
						CreatedOnToolsVersion = 11.6;
					};
				};
			};
			buildConfigurationList = EB9E585424DF58CE006A9D49 /* Build configuration list for PBXProject "Dari Learner" */;
			compatibilityVersion = "Xcode 11.4";
			developmentRegion = en;
			hasScannedForEncodings = 0;
			knownRegions = (
				en,
				Base,
			);
			mainGroup = EB9E585024DF58CE006A9D49;
			productRefGroup = EB9E585A24DF58CE006A9D49 /* Products */;
			projectDirPath = "";
			projectRoot = "";
			targets = (
				EB9E585824DF58CE006A9D49 /* Dari Learner */,
			);
		};
/* End PBXProject section */

/* Begin PBXResourcesBuildPhase section */
		EB9E585724DF58CE006A9D49 /* Resources */ = {
			isa = PBXResourcesBuildPhase;
			buildActionMask = 2147483647;
			files = (
				EB9E586C24DF58D1006A9D49 /* LaunchScreen.storyboard in Resources */,
				EBE15ABD24E0F9EB00E7238A /* Assets.xcassets in Resources */,
				EB9E586924DF58D1006A9D49 /* Preview Assets.xcassets in Resources */,
			);
			runOnlyForDeploymentPostprocessing = 0;
		};
/* End PBXResourcesBuildPhase section */

/* Begin PBXSourcesBuildPhase section */
		EB9E585524DF58CE006A9D49 /* Sources */ = {
			isa = PBXSourcesBuildPhase;
			buildActionMask = 2147483647;
			files = (
				EB9E587424DF5FC3006A9D49 /* SplashScreen.swift in Sources */,
				EBB016C624E248E800878E9B /* LearnView.swift in Sources */,
				EB45276724E8D38E00FF356E /* LearnViewModel.swift in Sources */,
				EBA51C0324EF350D00C584B4 /* GridLayout.swift in Sources */,
				EB9E587624DF8894006A9D49 /* MainScreenView.swift in Sources */,
				EBA51C0024EF34CD00C584B4 /* Grid.swift in Sources */,
				EB9E585D24DF58CE006A9D49 /* AppDelegate.swift in Sources */,
				EB9E586224DF58CE006A9D49 /* Dari_Learner.xcdatamodeld in Sources */,
				EBB016C824E24BAF00878E9B /* LearnModel.swift in Sources */,
				EB45276C24E8F4B900FF356E /* Words.swift in Sources */,
				EB9E586424DF58CE006A9D49 /* DariLearnerMainScreen.swift in Sources */,
				EB9E585F24DF58CE006A9D49 /* SceneDelegate.swift in Sources */,
			);
			runOnlyForDeploymentPostprocessing = 0;
		};
/* End PBXSourcesBuildPhase section */

/* Begin PBXVariantGroup section */
		EB9E586A24DF58D1006A9D49 /* LaunchScreen.storyboard */ = {
			isa = PBXVariantGroup;
			children = (
				EB9E586B24DF58D1006A9D49 /* Base */,
			);
			name = LaunchScreen.storyboard;
			sourceTree = "<group>";
		};
/* End PBXVariantGroup section */

/* Begin XCBuildConfiguration section */
		EB9E586E24DF58D1006A9D49 /* Debug */ = {
			isa = XCBuildConfiguration;
			buildSettings = {
				ALWAYS_SEARCH_USER_PATHS = NO;
				CLANG_ANALYZER_NONNULL = YES;
				CLANG_ANALYZER_NUMBER_OBJECT_CONVERSION = YES_AGGRESSIVE;
				CLANG_CXX_LANGUAGE_STANDARD = "gnu++14";
				CLANG_CXX_LIBRARY = "libc++";
				CLANG_ENABLE_MODULES = YES;
				CLANG_ENABLE_OBJC_ARC = YES;
				CLANG_ENABLE_OBJC_WEAK = YES;
				CLANG_WARN_BLOCK_CAPTURE_AUTORELEASING = YES;
				CLANG_WARN_BOOL_CONVERSION = YES;
				CLANG_WARN_COMMA = YES;
				CLANG_WARN_CONSTANT_CONVERSION = YES;
				CLANG_WARN_DEPRECATED_OBJC_IMPLEMENTATIONS = YES;
				CLANG_WARN_DIRECT_OBJC_ISA_USAGE = YES_ERROR;
				CLANG_WARN_DOCUMENTATION_COMMENTS = YES;
				CLANG_WARN_EMPTY_BODY = YES;
				CLANG_WARN_ENUM_CONVERSION = YES;
				CLANG_WARN_INFINITE_RECURSION = YES;
				CLANG_WARN_INT_CONVERSION = YES;
				CLANG_WARN_NON_LITERAL_NULL_CONVERSION = YES;
				CLANG_WARN_OBJC_IMPLICIT_RETAIN_SELF = YES;
				CLANG_WARN_OBJC_LITERAL_CONVERSION = YES;
				CLANG_WARN_OBJC_ROOT_CLASS = YES_ERROR;
				CLANG_WARN_RANGE_LOOP_ANALYSIS = YES;
				CLANG_WARN_STRICT_PROTOTYPES = YES;
				CLANG_WARN_SUSPICIOUS_MOVE = YES;
				CLANG_WARN_UNGUARDED_AVAILABILITY = YES_AGGRESSIVE;
				CLANG_WARN_UNREACHABLE_CODE = YES;
				CLANG_WARN__DUPLICATE_METHOD_MATCH = YES;
				COPY_PHASE_STRIP = NO;
				DEBUG_INFORMATION_FORMAT = dwarf;
				ENABLE_STRICT_OBJC_MSGSEND = YES;
				ENABLE_TESTABILITY = YES;
				GCC_C_LANGUAGE_STANDARD = gnu11;
				GCC_DYNAMIC_NO_PIC = NO;
				GCC_NO_COMMON_BLOCKS = YES;
				GCC_OPTIMIZATION_LEVEL = 0;
				GCC_PREPROCESSOR_DEFINITIONS = (
					"DEBUG=1",
					"$(inherited)",
				);
				GCC_WARN_64_TO_32_BIT_CONVERSION = YES;
				GCC_WARN_ABOUT_RETURN_TYPE = YES_ERROR;
				GCC_WARN_UNDECLARED_SELECTOR = YES;
				GCC_WARN_UNINITIALIZED_AUTOS = YES_AGGRESSIVE;
				GCC_WARN_UNUSED_FUNCTION = YES;
				GCC_WARN_UNUSED_VARIABLE = YES;
				IPHONEOS_DEPLOYMENT_TARGET = 13.6;
				MTL_ENABLE_DEBUG_INFO = INCLUDE_SOURCE;
				MTL_FAST_MATH = YES;
				ONLY_ACTIVE_ARCH = YES;
				SDKROOT = iphoneos;
				SWIFT_ACTIVE_COMPILATION_CONDITIONS = DEBUG;
				SWIFT_OPTIMIZATION_LEVEL = "-Onone";
			};
			name = Debug;
		};
		EB9E586F24DF58D1006A9D49 /* Release */ = {
			isa = XCBuildConfiguration;
			buildSettings = {
				ALWAYS_SEARCH_USER_PATHS = NO;
				CLANG_ANALYZER_NONNULL = YES;
				CLANG_ANALYZER_NUMBER_OBJECT_CONVERSION = YES_AGGRESSIVE;
				CLANG_CXX_LANGUAGE_STANDARD = "gnu++14";
				CLANG_CXX_LIBRARY = "libc++";
				CLANG_ENABLE_MODULES = YES;
				CLANG_ENABLE_OBJC_ARC = YES;
				CLANG_ENABLE_OBJC_WEAK = YES;
				CLANG_WARN_BLOCK_CAPTURE_AUTORELEASING = YES;
				CLANG_WARN_BOOL_CONVERSION = YES;
				CLANG_WARN_COMMA = YES;
				CLANG_WARN_CONSTANT_CONVERSION = YES;
				CLANG_WARN_DEPRECATED_OBJC_IMPLEMENTATIONS = YES;
				CLANG_WARN_DIRECT_OBJC_ISA_USAGE = YES_ERROR;
				CLANG_WARN_DOCUMENTATION_COMMENTS = YES;
				CLANG_WARN_EMPTY_BODY = YES;
				CLANG_WARN_ENUM_CONVERSION = YES;
				CLANG_WARN_INFINITE_RECURSION = YES;
				CLANG_WARN_INT_CONVERSION = YES;
				CLANG_WARN_NON_LITERAL_NULL_CONVERSION = YES;
				CLANG_WARN_OBJC_IMPLICIT_RETAIN_SELF = YES;
				CLANG_WARN_OBJC_LITERAL_CONVERSION = YES;
				CLANG_WARN_OBJC_ROOT_CLASS = YES_ERROR;
				CLANG_WARN_RANGE_LOOP_ANALYSIS = YES;
				CLANG_WARN_STRICT_PROTOTYPES = YES;
				CLANG_WARN_SUSPICIOUS_MOVE = YES;
				CLANG_WARN_UNGUARDED_AVAILABILITY = YES_AGGRESSIVE;
				CLANG_WARN_UNREACHABLE_CODE = YES;
				CLANG_WARN__DUPLICATE_METHOD_MATCH = YES;
				COPY_PHASE_STRIP = NO;
				DEBUG_INFORMATION_FORMAT = "dwarf-with-dsym";
				ENABLE_NS_ASSERTIONS = NO;
				ENABLE_STRICT_OBJC_MSGSEND = YES;
				GCC_C_LANGUAGE_STANDARD = gnu11;
				GCC_NO_COMMON_BLOCKS = YES;
				GCC_WARN_64_TO_32_BIT_CONVERSION = YES;
				GCC_WARN_ABOUT_RETURN_TYPE = YES_ERROR;
				GCC_WARN_UNDECLARED_SELECTOR = YES;
				GCC_WARN_UNINITIALIZED_AUTOS = YES_AGGRESSIVE;
				GCC_WARN_UNUSED_FUNCTION = YES;
				GCC_WARN_UNUSED_VARIABLE = YES;
				IPHONEOS_DEPLOYMENT_TARGET = 13.6;
				MTL_ENABLE_DEBUG_INFO = NO;
				MTL_FAST_MATH = YES;
				SDKROOT = iphoneos;
				SWIFT_COMPILATION_MODE = wholemodule;
				SWIFT_OPTIMIZATION_LEVEL = "-O";
				VALIDATE_PRODUCT = YES;
			};
			name = Release;
		};
		EB9E587124DF58D1006A9D49 /* Debug */ = {
			isa = XCBuildConfiguration;
			buildSettings = {
				CODE_SIGN_STYLE = Automatic;
				DEVELOPMENT_ASSET_PATHS = "\"Dari Learner/Preview Content\"";
				DEVELOPMENT_TEAM = 2MXG9CA59K;
				ENABLE_PREVIEWS = YES;
				INFOPLIST_FILE = "Dari Learner/Info.plist";
				LD_RUNPATH_SEARCH_PATHS = (
					"$(inherited)",
					"@executable_path/Frameworks",
				);
				PRODUCT_BUNDLE_IDENTIFIER = "Ramon.Dari-Learner";
				PRODUCT_NAME = "$(TARGET_NAME)";
				SWIFT_VERSION = 5.0;
				TARGETED_DEVICE_FAMILY = "1,2";
			};
			name = Debug;
		};
		EB9E587224DF58D1006A9D49 /* Release */ = {
			isa = XCBuildConfiguration;
			buildSettings = {
				CODE_SIGN_STYLE = Automatic;
				DEVELOPMENT_ASSET_PATHS = "\"Dari Learner/Preview Content\"";
				DEVELOPMENT_TEAM = 2MXG9CA59K;
				ENABLE_PREVIEWS = YES;
				INFOPLIST_FILE = "Dari Learner/Info.plist";
				LD_RUNPATH_SEARCH_PATHS = (
					"$(inherited)",
					"@executable_path/Frameworks",
				);
				PRODUCT_BUNDLE_IDENTIFIER = "Ramon.Dari-Learner";
				PRODUCT_NAME = "$(TARGET_NAME)";
				SWIFT_VERSION = 5.0;
				TARGETED_DEVICE_FAMILY = "1,2";
			};
			name = Release;
		};
/* End XCBuildConfiguration section */

/* Begin XCConfigurationList section */
		EB9E585424DF58CE006A9D49 /* Build configuration list for PBXProject "Dari Learner" */ = {
			isa = XCConfigurationList;
			buildConfigurations = (
				EB9E586E24DF58D1006A9D49 /* Debug */,
				EB9E586F24DF58D1006A9D49 /* Release */,
			);
			defaultConfigurationIsVisible = 0;
			defaultConfigurationName = Release;
		};
		EB9E587024DF58D1006A9D49 /* Build configuration list for PBXNativeTarget "Dari Learner" */ = {
			isa = XCConfigurationList;
			buildConfigurations = (
				EB9E587124DF58D1006A9D49 /* Debug */,
				EB9E587224DF58D1006A9D49 /* Release */,
			);
			defaultConfigurationIsVisible = 0;
			defaultConfigurationName = Release;
		};
/* End XCConfigurationList section */

/* Begin XCVersionGroup section */
		EB9E586024DF58CE006A9D49 /* Dari_Learner.xcdatamodeld */ = {
			isa = XCVersionGroup;
			children = (
				EB9E586124DF58CE006A9D49 /* Dari_Learner.xcdatamodel */,
			);
			currentVersion = EB9E586124DF58CE006A9D49 /* Dari_Learner.xcdatamodel */;
			path = Dari_Learner.xcdatamodeld;
			sourceTree = "<group>";
			versionGroupType = wrapper.xcdatamodel;
		};
/* End XCVersionGroup section */
	};
	rootObject = EB9E585124DF58CE006A9D49 /* Project object */;
}
